// !$*UTF8*$!
{
	archiveVersion = 1;
	classes = {
	};
	objectVersion = 46;
	objects = {

/* Begin PBXBuildFile section */
		98145B771F42BDD50083349F /* AppDelegate.swift in Sources */ = {isa = PBXBuildFile; fileRef = 98145B761F42BDD50083349F /* AppDelegate.swift */; };
		98145B791F42BDD50083349F /* ViewController.swift in Sources */ = {isa = PBXBuildFile; fileRef = 98145B781F42BDD50083349F /* ViewController.swift */; };
		98145B7C1F42BDD50083349F /* Main.storyboard in Resources */ = {isa = PBXBuildFile; fileRef = 98145B7A1F42BDD50083349F /* Main.storyboard */; };
		98145B7E1F42BDD50083349F /* Assets.xcassets in Resources */ = {isa = PBXBuildFile; fileRef = 98145B7D1F42BDD50083349F /* Assets.xcassets */; };
		98145B811F42BDD50083349F /* LaunchScreen.storyboard in Resources */ = {isa = PBXBuildFile; fileRef = 98145B7F1F42BDD50083349F /* LaunchScreen.storyboard */; };
/* End PBXBuildFile section */

/* Begin PBXFileReference section */
		98145B731F42BDD50083349F /* catan.app */ = {isa = PBXFileReference; explicitFileType = wrapper.application; includeInIndex = 0; path = catan.app; sourceTree = BUILT_PRODUCTS_DIR; };
		98145B761F42BDD50083349F /* AppDelegate.swift */ = {isa = PBXFileReference; lastKnownFileType = sourcecode.swift; path = AppDelegate.swift; sourceTree = "<group>"; };
		98145B781F42BDD50083349F /* ViewController.swift */ = {isa = PBXFileReference; lastKnownFileType = sourcecode.swift; path = ViewController.swift; sourceTree = "<group>"; };
		98145B7B1F42BDD50083349F /* Base */ = {isa = PBXFileReference; lastKnownFileType = file.storyboard; name = Base; path = Base.lproj/Main.storyboard; sourceTree = "<group>"; };
		98145B7D1F42BDD50083349F /* Assets.xcassets */ = {isa = PBXFileReference; lastKnownFileType = folder.assetcatalog; path = Assets.xcassets; sourceTree = "<group>"; };
		98145B801F42BDD50083349F /* Base */ = {isa = PBXFileReference; lastKnownFileType = file.storyboard; name = Base; path = Base.lproj/LaunchScreen.storyboard; sourceTree = "<group>"; };
		98145B821F42BDD50083349F /* Info.plist */ = {isa = PBXFileReference; lastKnownFileType = text.plist.xml; path = Info.plist; sourceTree = "<group>"; };
/* End PBXFileReference section */

/* Begin PBXFrameworksBuildPhase section */
		98145B701F42BDD50083349F /* Frameworks */ = {
			isa = PBXFrameworksBuildPhase;
			buildActionMask = 2147483647;
			files = (
			);
			runOnlyForDeploymentPostprocessing = 0;
		};
/* End PBXFrameworksBuildPhase section */

/* Begin PBXGroup section */
		98145B6A1F42BDD50083349F = {
			isa = PBXGroup;
			children = (
				98145B751F42BDD50083349F /* catan */,
				98145B741F42BDD50083349F /* Products */,
			);
			sourceTree = "<group>";
		};
		98145B741F42BDD50083349F /* Products */ = {
			isa = PBXGroup;
			children = (
				98145B731F42BDD50083349F /* catan.app */,
			);
			name = Products;
			sourceTree = "<group>";
		};
		98145B751F42BDD50083349F /* catan */ = {
			isa = PBXGroup;
			children = (
				98145B761F42BDD50083349F /* AppDelegate.swift */,
				98145B781F42BDD50083349F /* ViewController.swift */,
				98145B7A1F42BDD50083349F /* Main.storyboard */,
				98145B7D1F42BDD50083349F /* Assets.xcassets */,
				98145B7F1F42BDD50083349F /* LaunchScreen.storyboard */,
				98145B821F42BDD50083349F /* Info.plist */,
			);
			path = catan;
			sourceTree = "<group>";
		};
/* End PBXGroup section */

/* Begin PBXNativeTarget section */
		98145B721F42BDD50083349F /* catan */ = {
			isa = PBXNativeTarget;
			buildConfigurationList = 98145B851F42BDD50083349F /* Build configuration list for PBXNativeTarget "catan" */;
			buildPhases = (
				98145B6F1F42BDD50083349F /* Sources */,
				98145B701F42BDD50083349F /* Frameworks */,
				98145B711F42BDD50083349F /* Resources */,
			);
			buildRules = (
			);
			dependencies = (
			);
			name = catan;
			productName = catan;
			productReference = 98145B731F42BDD50083349F /* catan.app */;
			productType = "com.apple.product-type.application";
		};
/* End PBXNativeTarget section */

/* Begin PBXProject section */
		98145B6B1F42BDD50083349F /* Project object */ = {
			isa = PBXProject;
			attributes = {
				LastSwiftUpdateCheck = 0830;
				LastUpgradeCheck = 0830;
				ORGANIZATIONNAME = Parti;
				TargetAttributes = {
					98145B721F42BDD50083349F = {
						CreatedOnToolsVersion = 8.3.3;
						ProvisioningStyle = Automatic;
					};
				};
			};
			buildConfigurationList = 98145B6E1F42BDD50083349F /* Build configuration list for PBXProject "catan" */;
			compatibilityVersion = "Xcode 3.2";
			developmentRegion = English;
			hasScannedForEncodings = 0;
			knownRegions = (
				en,
				Base,
			);
			mainGroup = 98145B6A1F42BDD50083349F;
			productRefGroup = 98145B741F42BDD50083349F /* Products */;
			projectDirPath = "";
			projectRoot = "";
			targets = (
				98145B721F42BDD50083349F /* catan */,
			);
		};
/* End PBXProject section */

/* Begin PBXResourcesBuildPhase section */
		98145B711F42BDD50083349F /* Resources */ = {
			isa = PBXResourcesBuildPhase;
			buildActionMask = 2147483647;
			files = (
				98145B811F42BDD50083349F /* LaunchScreen.storyboard in Resources */,
				98145B7E1F42BDD50083349F /* Assets.xcassets in Resources */,
				98145B7C1F42BDD50083349F /* Main.storyboard in Resources */,
			);
			runOnlyForDeploymentPostprocessing = 0;
		};
/* End PBXResourcesBuildPhase section */

/* Begin PBXSourcesBuildPhase section */
		98145B6F1F42BDD50083349F /* Sources */ = {
			isa = PBXSourcesBuildPhase;
			buildActionMask = 2147483647;
			files = (
				98145B791F42BDD50083349F /* ViewController.swift in Sources */,
				98145B771F42BDD50083349F /* AppDelegate.swift in Sources */,
			);
			runOnlyForDeploymentPostprocessing = 0;
		};
/* End PBXSourcesBuildPhase section */

/* Begin PBXVariantGroup section */
		98145B7A1F42BDD50083349F /* Main.storyboard */ = {
			isa = PBXVariantGroup;
			children = (
				98145B7B1F42BDD50083349F /* Base */,
			);
			name = Main.storyboard;
			sourceTree = "<group>";
		};
		98145B7F1F42BDD50083349F /* LaunchScreen.storyboard */ = {
			isa = PBXVariantGroup;
			children = (
				98145B801F42BDD50083349F /* Base */,
			);
			name = LaunchScreen.storyboard;
			sourceTree = "<group>";
		};
/* End PBXVariantGroup section */

/* Begin XCBuildConfiguration section */
		98145B831F42BDD50083349F /* Debug */ = {
			isa = XCBuildConfiguration;
			buildSettings = {
				ALWAYS_SEARCH_USER_PATHS = NO;
				CLANG_ANALYZER_NONNULL = YES;
				CLANG_ANALYZER_NUMBER_OBJECT_CONVERSION = YES_AGGRESSIVE;
				CLANG_CXX_LANGUAGE_STANDARD = "gnu++0x";
				CLANG_CXX_LIBRARY = "libc++";
				CLANG_ENABLE_MODULES = YES;
				CLANG_ENABLE_OBJC_ARC = YES;
				CLANG_WARN_BOOL_CONVERSION = YES;
				CLANG_WARN_CONSTANT_CONVERSION = YES;
				CLANG_WARN_DIRECT_OBJC_ISA_USAGE = YES_ERROR;
				CLANG_WARN_DOCUMENTATION_COMMENTS = YES;
				CLANG_WARN_EMPTY_BODY = YES;
				CLANG_WARN_ENUM_CONVERSION = YES;
				CLANG_WARN_INFINITE_RECURSION = YES;
				CLANG_WARN_INT_CONVERSION = YES;
				CLANG_WARN_OBJC_ROOT_CLASS = YES_ERROR;
				CLANG_WARN_SUSPICIOUS_MOVE = YES;
				CLANG_WARN_UNREACHABLE_CODE = YES;
				CLANG_WARN__DUPLICATE_METHOD_MATCH = YES;
				"CODE_SIGN_IDENTITY[sdk=iphoneos*]" = "iPhone Developer";
				COPY_PHASE_STRIP = NO;
				DEBUG_INFORMATION_FORMAT = dwarf;
				ENABLE_STRICT_OBJC_MSGSEND = YES;
				ENABLE_TESTABILITY = YES;
				GCC_C_LANGUAGE_STANDARD = gnu99;
				GCC_DYNAMIC_NO_PIC = NO;
				GCC_NO_COMMON_BLOCKS = YES;
				GCC_OPTIMIZATION_LEVEL = 0;
				GCC_PREPROCESSOR_DEFINITIONS = (
					"DEBUG=1",
					"$(inherited)",
				);
				GCC_WARN_64_TO_32_BIT_CONVERSION = YES;
				GCC_WARN_ABOUT_RETURN_TYPE = YES_ERROR;
				GCC_WARN_UNDECLARED_SELECTOR = YES;
				GCC_WARN_UNINITIALIZED_AUTOS = YES_AGGRESSIVE;
				GCC_WARN_UNUSED_FUNCTION = YES;
				GCC_WARN_UNUSED_VARIABLE = YES;
				IPHONEOS_DEPLOYMENT_TARGET = 10.3;
				MTL_ENABLE_DEBUG_INFO = YES;
				ONLY_ACTIVE_ARCH = YES;
				SDKROOT = iphoneos;
				SWIFT_ACTIVE_COMPILATION_CONDITIONS = DEBUG;
				SWIFT_OPTIMIZATION_LEVEL = "-Onone";
			};
			name = Debug;
		};
		98145B841F42BDD50083349F /* Release */ = {
			isa = XCBuildConfiguration;
			buildSettings = {
				ALWAYS_SEARCH_USER_PATHS = NO;
				CLANG_ANALYZER_NONNULL = YES;
				CLANG_ANALYZER_NUMBER_OBJECT_CONVERSION = YES_AGGRESSIVE;
				CLANG_CXX_LANGUAGE_STANDARD = "gnu++0x";
				CLANG_CXX_LIBRARY = "libc++";
				CLANG_ENABLE_MODULES = YES;
				CLANG_ENABLE_OBJC_ARC = YES;
				CLANG_WARN_BOOL_CONVERSION = YES;
				CLANG_WARN_CONSTANT_CONVERSION = YES;
				CLANG_WARN_DIRECT_OBJC_ISA_USAGE = YES_ERROR;
				CLANG_WARN_DOCUMENTATION_COMMENTS = YES;
				CLANG_WARN_EMPTY_BODY = YES;
				CLANG_WARN_ENUM_CONVERSION = YES;
				CLANG_WARN_INFINITE_RECURSION = YES;
				CLANG_WARN_INT_CONVERSION = YES;
				CLANG_WARN_OBJC_ROOT_CLASS = YES_ERROR;
				CLANG_WARN_SUSPICIOUS_MOVE = YES;
				CLANG_WARN_UNREACHABLE_CODE = YES;
				CLANG_WARN__DUPLICATE_METHOD_MATCH = YES;
				"CODE_SIGN_IDENTITY[sdk=iphoneos*]" = "iPhone Developer";
				COPY_PHASE_STRIP = NO;
				DEBUG_INFORMATION_FORMAT = "dwarf-with-dsym";
				ENABLE_NS_ASSERTIONS = NO;
				ENABLE_STRICT_OBJC_MSGSEND = YES;
				GCC_C_LANGUAGE_STANDARD = gnu99;
				GCC_NO_COMMON_BLOCKS = YES;
				GCC_WARN_64_TO_32_BIT_CONVERSION = YES;
				GCC_WARN_ABOUT_RETURN_TYPE = YES_ERROR;
				GCC_WARN_UNDECLARED_SELECTOR = YES;
				GCC_WARN_UNINITIALIZED_AUTOS = YES_AGGRESSIVE;
				GCC_WARN_UNUSED_FUNCTION = YES;
				GCC_WARN_UNUSED_VARIABLE = YES;
				IPHONEOS_DEPLOYMENT_TARGET = 10.3;
				MTL_ENABLE_DEBUG_INFO = NO;
				SDKROOT = iphoneos;
				SWIFT_OPTIMIZATION_LEVEL = "-Owholemodule";
				VALIDATE_PRODUCT = YES;
			};
			name = Release;
		};
		98145B861F42BDD50083349F /* Debug */ = {
			isa = XCBuildConfiguration;
			buildSettings = {
				ASSETCATALOG_COMPILER_APPICON_NAME = AppIcon;
				INFOPLIST_FILE = catan/Info.plist;
				LD_RUNPATH_SEARCH_PATHS = "$(inherited) @executable_path/Frameworks";
				PRODUCT_BUNDLE_IDENTIFIER = xyz.parti.catan;
				PRODUCT_NAME = "$(TARGET_NAME)";
				SWIFT_VERSION = 3.0;
			};
			name = Debug;
		};
		98145B871F42BDD50083349F /* Release */ = {
			isa = XCBuildConfiguration;
			buildSettings = {
				ASSETCATALOG_COMPILER_APPICON_NAME = AppIcon;
				INFOPLIST_FILE = catan/Info.plist;
				LD_RUNPATH_SEARCH_PATHS = "$(inherited) @executable_path/Frameworks";
				PRODUCT_BUNDLE_IDENTIFIER = xyz.parti.catan;
				PRODUCT_NAME = "$(TARGET_NAME)";
				SWIFT_VERSION = 3.0;
			};
			name = Release;
		};
/* End XCBuildConfiguration section */

/* Begin XCConfigurationList section */
		98145B6E1F42BDD50083349F /* Build configuration list for PBXProject "catan" */ = {
			isa = XCConfigurationList;
			buildConfigurations = (
				98145B831F42BDD50083349F /* Debug */,
				98145B841F42BDD50083349F /* Release */,
			);
			defaultConfigurationIsVisible = 0;
			defaultConfigurationName = Release;
		};
		98145B851F42BDD50083349F /* Build configuration list for PBXNativeTarget "catan" */ = {
			isa = XCConfigurationList;
			buildConfigurations = (
				98145B861F42BDD50083349F /* Debug */,
				98145B871F42BDD50083349F /* Release */,
			);
			defaultConfigurationIsVisible = 0;
		};
/* End XCConfigurationList section */
	};
	rootObject = 98145B6B1F42BDD50083349F /* Project object */;
}
