// !$*UTF8*$!
{
	archiveVersion = 1;
	classes = {
	};
	objectVersion = 46;
	objects = {

/* Begin PBXBuildFile section */
		7E07E995E6BD7319575982DA /* Pods_catan.framework in Frameworks */ = {isa = PBXBuildFile; fileRef = F2C84A87796FB7AC1FFC93CE /* Pods_catan.framework */; };
		98026F081F6FDFFA00E9B27A /* CellRefetchable.swift in Sources */ = {isa = PBXBuildFile; fileRef = 98026F071F6FDFFA00E9B27A /* CellRefetchable.swift */; };
		98145B771F42BDD50083349F /* AppDelegate.swift in Sources */ = {isa = PBXBuildFile; fileRef = 98145B761F42BDD50083349F /* AppDelegate.swift */; };
		98145B7E1F42BDD50083349F /* Assets.xcassets in Resources */ = {isa = PBXBuildFile; fileRef = 98145B7D1F42BDD50083349F /* Assets.xcassets */; };
		98392D6F1F6094A80027C966 /* LinkSourceView.swift in Sources */ = {isa = PBXBuildFile; fileRef = 98392D6E1F6094A80027C966 /* LinkSourceView.swift */; };
		98392D711F6095B80027C966 /* LinkSource.swift in Sources */ = {isa = PBXBuildFile; fileRef = 98392D701F6095B80027C966 /* LinkSource.swift */; };
		98392D731F616B8E0027C966 /* PollView.swift in Sources */ = {isa = PBXBuildFile; fileRef = 98392D721F616B8E0027C966 /* PollView.swift */; };
		98392D751F616D7D0027C966 /* Poll.swift in Sources */ = {isa = PBXBuildFile; fileRef = 98392D741F616D7D0027C966 /* Poll.swift */; };
		983A11631F590D5E000D7D7F /* CommentBodyView.swift in Sources */ = {isa = PBXBuildFile; fileRef = 983A11621F590D5E000D7D7F /* CommentBodyView.swift */; };
		983A11651F59B9AF000D7D7F /* Date+Extension.swift in Sources */ = {isa = PBXBuildFile; fileRef = 983A11641F59B9AF000D7D7F /* Date+Extension.swift */; };
		983A11671F5A81FF000D7D7F /* FileSource.swift in Sources */ = {isa = PBXBuildFile; fileRef = 983A11661F5A81FF000D7D7F /* FileSource.swift */; };
		983A11691F5A8E37000D7D7F /* PostAdditionalView.swift in Sources */ = {isa = PBXBuildFile; fileRef = 983A11681F5A8E37000D7D7F /* PostAdditionalView.swift */; };
		983A116D1F5BEF2B000D7D7F /* PostImageFileSourcesView.swift in Sources */ = {isa = PBXBuildFile; fileRef = 983A116C1F5BEF2B000D7D7F /* PostImageFileSourcesView.swift */; };
		9840295A1F6506980087692A /* String+Extension.swift in Sources */ = {isa = PBXBuildFile; fileRef = 984029591F6506980087692A /* String+Extension.swift */; };
		9840295C1F65540E0087692A /* UIStackView+Extension.swift in Sources */ = {isa = PBXBuildFile; fileRef = 9840295B1F65540E0087692A /* UIStackView+Extension.swift */; };
		9840295E1F655EF10087692A /* SurveyView.swift in Sources */ = {isa = PBXBuildFile; fileRef = 9840295D1F655EF10087692A /* SurveyView.swift */; };
		984029601F6602970087692A /* Survey.swift in Sources */ = {isa = PBXBuildFile; fileRef = 9840295F1F6602970087692A /* Survey.swift */; };
		98467F1B1F56A7B3008EEB3D /* CommentView.swift in Sources */ = {isa = PBXBuildFile; fileRef = 98467F1A1F56A7B3008EEB3D /* CommentView.swift */; };
		984E333F1F6937C500760D97 /* Option.swift in Sources */ = {isa = PBXBuildFile; fileRef = 984E333E1F6937C500760D97 /* Option.swift */; };
		984E33411F693C7E00760D97 /* OptionView.swift in Sources */ = {isa = PBXBuildFile; fileRef = 984E33401F693C7E00760D97 /* OptionView.swift */; };
		985100D71F4CF109009BE875 /* DashboardDatasource.swift in Sources */ = {isa = PBXBuildFile; fileRef = 985100D61F4CF109009BE875 /* DashboardDatasource.swift */; };
		985100D91F4CF3A2009BE875 /* PostCell.swift in Sources */ = {isa = PBXBuildFile; fileRef = 985100D81F4CF3A2009BE875 /* PostCell.swift */; };
		985100DD1F4D0022009BE875 /* Post.swift in Sources */ = {isa = PBXBuildFile; fileRef = 985100DC1F4D0022009BE875 /* Post.swift */; };
		985100DF1F4D19DC009BE875 /* JSON+Extension.swift in Sources */ = {isa = PBXBuildFile; fileRef = 985100DE1F4D19DC009BE875 /* JSON+Extension.swift */; };
		985100E11F4D1CBC009BE875 /* Page.swift in Sources */ = {isa = PBXBuildFile; fileRef = 985100E01F4D1CBC009BE875 /* Page.swift */; };
		985100E51F4D27FC009BE875 /* Collection+Extension.swift in Sources */ = {isa = PBXBuildFile; fileRef = 985100E41F4D27FC009BE875 /* Collection+Extension.swift */; };
		985100E71F4D6C1E009BE875 /* IndicatorCell.swift in Sources */ = {isa = PBXBuildFile; fileRef = 985100E61F4D6C1E009BE875 /* IndicatorCell.swift */; };
		985100E91F4D82BC009BE875 /* Parti.swift in Sources */ = {isa = PBXBuildFile; fileRef = 985100E81F4D82BC009BE875 /* Parti.swift */; };
		985100EB1F4D84F1009BE875 /* Group.swift in Sources */ = {isa = PBXBuildFile; fileRef = 985100EA1F4D84F1009BE875 /* Group.swift */; };
		985100F01F4E9F71009BE875 /* Localizable.strings in Resources */ = {isa = PBXBuildFile; fileRef = 985100F21F4E9F71009BE875 /* Localizable.strings */; };
		985100FB1F4FCF8C009BE875 /* CatanLabel.swift in Sources */ = {isa = PBXBuildFile; fileRef = 985100FA1F4FCF8C009BE875 /* CatanLabel.swift */; };
		985100FD1F501B2F009BE875 /* PostTitleAndBodyView.swift in Sources */ = {isa = PBXBuildFile; fileRef = 985100FC1F501B2F009BE875 /* PostTitleAndBodyView.swift */; };
		985100FF1F515CBA009BE875 /* String.swift in Sources */ = {isa = PBXBuildFile; fileRef = 985100FE1F515CBA009BE875 /* String.swift */; };
		985101011F517A6C009BE875 /* HeightCache.swift in Sources */ = {isa = PBXBuildFile; fileRef = 985101001F517A6C009BE875 /* HeightCache.swift */; };
		985101031F5183B7009BE875 /* LatestCommentsView.swift in Sources */ = {isa = PBXBuildFile; fileRef = 985101021F5183B7009BE875 /* LatestCommentsView.swift */; };
		985101051F52581C009BE875 /* CollapsibleTopConstrain.swift in Sources */ = {isa = PBXBuildFile; fileRef = 985101041F52581C009BE875 /* CollapsibleTopConstrain.swift */; };
		985101071F52FFF2009BE875 /* NSAttributedString+Extension.swift in Sources */ = {isa = PBXBuildFile; fileRef = 985101061F52FFF2009BE875 /* NSAttributedString+Extension.swift */; };
		985BED801F5D4CD300BAAA5E /* PostDocumentFileSourcesView.swift in Sources */ = {isa = PBXBuildFile; fileRef = 985BED7F1F5D4CD300BAAA5E /* PostDocumentFileSourcesView.swift */; };
		9897985A1F54D8BE00A5F67B /* Comment.swift in Sources */ = {isa = PBXBuildFile; fileRef = 989798591F54D8BE00A5F67B /* Comment.swift */; };
		98A5F4F11F42D9B400E6D781 /* UIColor+Extension.swift in Sources */ = {isa = PBXBuildFile; fileRef = 98A5F4F01F42D9B400E6D781 /* UIColor+Extension.swift */; };
		98A5F4F31F440A3600E6D781 /* Style.swift in Sources */ = {isa = PBXBuildFile; fileRef = 98A5F4F21F440A3600E6D781 /* Style.swift */; };
		98A5F4F71F449AD600E6D781 /* Service.swift in Sources */ = {isa = PBXBuildFile; fileRef = 98A5F4F61F449AD600E6D781 /* Service.swift */; };
		98A5F4FA1F4510A100E6D781 /* AuthToken.swift in Sources */ = {isa = PBXBuildFile; fileRef = 98A5F4F91F4510A100E6D781 /* AuthToken.swift */; };
		98A5F4FC1F46642000E6D781 /* MainTabBarController.swift in Sources */ = {isa = PBXBuildFile; fileRef = 98A5F4FB1F46642000E6D781 /* MainTabBarController.swift */; };
		98E663521F490CE400455CEB /* DashboardController.swift in Sources */ = {isa = PBXBuildFile; fileRef = 98E663511F490CE400455CEB /* DashboardController.swift */; };
		98E663541F491AB700455CEB /* User.swift in Sources */ = {isa = PBXBuildFile; fileRef = 98E663531F491AB700455CEB /* User.swift */; };
		98E663571F4922AA00455CEB /* LoginController.swift in Sources */ = {isa = PBXBuildFile; fileRef = 98E663561F4922AA00455CEB /* LoginController.swift */; };
		98E663591F49602200455CEB /* ServiceHandler.swift in Sources */ = {isa = PBXBuildFile; fileRef = 98E663581F49602200455CEB /* ServiceHandler.swift */; };
		98E6635B1F4962D500455CEB /* UserSession.swift in Sources */ = {isa = PBXBuildFile; fileRef = 98E6635A1F4962D500455CEB /* UserSession.swift */; };
/* End PBXBuildFile section */

/* Begin PBXFileReference section */
		98026F071F6FDFFA00E9B27A /* CellRefetchable.swift */ = {isa = PBXFileReference; fileEncoding = 4; lastKnownFileType = sourcecode.swift; path = CellRefetchable.swift; sourceTree = "<group>"; };
		98145B731F42BDD50083349F /* catan.app */ = {isa = PBXFileReference; explicitFileType = wrapper.application; includeInIndex = 0; path = catan.app; sourceTree = BUILT_PRODUCTS_DIR; };
		98145B761F42BDD50083349F /* AppDelegate.swift */ = {isa = PBXFileReference; lastKnownFileType = sourcecode.swift; path = AppDelegate.swift; sourceTree = "<group>"; };
		98145B7D1F42BDD50083349F /* Assets.xcassets */ = {isa = PBXFileReference; lastKnownFileType = folder.assetcatalog; path = Assets.xcassets; sourceTree = "<group>"; };
		98145B821F42BDD50083349F /* Info.plist */ = {isa = PBXFileReference; lastKnownFileType = text.plist.xml; path = Info.plist; sourceTree = "<group>"; };
		98392D6E1F6094A80027C966 /* LinkSourceView.swift */ = {isa = PBXFileReference; fileEncoding = 4; lastKnownFileType = sourcecode.swift; path = LinkSourceView.swift; sourceTree = "<group>"; };
		98392D701F6095B80027C966 /* LinkSource.swift */ = {isa = PBXFileReference; fileEncoding = 4; lastKnownFileType = sourcecode.swift; path = LinkSource.swift; sourceTree = "<group>"; };
		98392D721F616B8E0027C966 /* PollView.swift */ = {isa = PBXFileReference; fileEncoding = 4; lastKnownFileType = sourcecode.swift; path = PollView.swift; sourceTree = "<group>"; };
		98392D741F616D7D0027C966 /* Poll.swift */ = {isa = PBXFileReference; fileEncoding = 4; lastKnownFileType = sourcecode.swift; path = Poll.swift; sourceTree = "<group>"; };
		983A11621F590D5E000D7D7F /* CommentBodyView.swift */ = {isa = PBXFileReference; fileEncoding = 4; lastKnownFileType = sourcecode.swift; path = CommentBodyView.swift; sourceTree = "<group>"; };
		983A11641F59B9AF000D7D7F /* Date+Extension.swift */ = {isa = PBXFileReference; fileEncoding = 4; lastKnownFileType = sourcecode.swift; path = "Date+Extension.swift"; sourceTree = "<group>"; };
		983A11661F5A81FF000D7D7F /* FileSource.swift */ = {isa = PBXFileReference; fileEncoding = 4; lastKnownFileType = sourcecode.swift; path = FileSource.swift; sourceTree = "<group>"; };
		983A11681F5A8E37000D7D7F /* PostAdditionalView.swift */ = {isa = PBXFileReference; fileEncoding = 4; lastKnownFileType = sourcecode.swift; path = PostAdditionalView.swift; sourceTree = "<group>"; };
		983A116C1F5BEF2B000D7D7F /* PostImageFileSourcesView.swift */ = {isa = PBXFileReference; fileEncoding = 4; lastKnownFileType = sourcecode.swift; path = PostImageFileSourcesView.swift; sourceTree = "<group>"; };
		984029591F6506980087692A /* String+Extension.swift */ = {isa = PBXFileReference; fileEncoding = 4; lastKnownFileType = sourcecode.swift; path = "String+Extension.swift"; sourceTree = "<group>"; };
		9840295B1F65540E0087692A /* UIStackView+Extension.swift */ = {isa = PBXFileReference; fileEncoding = 4; lastKnownFileType = sourcecode.swift; path = "UIStackView+Extension.swift"; sourceTree = "<group>"; };
		9840295D1F655EF10087692A /* SurveyView.swift */ = {isa = PBXFileReference; fileEncoding = 4; lastKnownFileType = sourcecode.swift; path = SurveyView.swift; sourceTree = "<group>"; };
		9840295F1F6602970087692A /* Survey.swift */ = {isa = PBXFileReference; fileEncoding = 4; lastKnownFileType = sourcecode.swift; path = Survey.swift; sourceTree = "<group>"; };
		98467F1A1F56A7B3008EEB3D /* CommentView.swift */ = {isa = PBXFileReference; fileEncoding = 4; lastKnownFileType = sourcecode.swift; path = CommentView.swift; sourceTree = "<group>"; };
		984E333E1F6937C500760D97 /* Option.swift */ = {isa = PBXFileReference; fileEncoding = 4; lastKnownFileType = sourcecode.swift; path = Option.swift; sourceTree = "<group>"; };
		984E33401F693C7E00760D97 /* OptionView.swift */ = {isa = PBXFileReference; fileEncoding = 4; lastKnownFileType = sourcecode.swift; path = OptionView.swift; sourceTree = "<group>"; };
		985100D61F4CF109009BE875 /* DashboardDatasource.swift */ = {isa = PBXFileReference; fileEncoding = 4; lastKnownFileType = sourcecode.swift; path = DashboardDatasource.swift; sourceTree = "<group>"; };
		985100D81F4CF3A2009BE875 /* PostCell.swift */ = {isa = PBXFileReference; fileEncoding = 4; lastKnownFileType = sourcecode.swift; name = PostCell.swift; path = ../PostCell.swift; sourceTree = "<group>"; };
		985100DC1F4D0022009BE875 /* Post.swift */ = {isa = PBXFileReference; fileEncoding = 4; lastKnownFileType = sourcecode.swift; path = Post.swift; sourceTree = "<group>"; };
		985100DE1F4D19DC009BE875 /* JSON+Extension.swift */ = {isa = PBXFileReference; fileEncoding = 4; lastKnownFileType = sourcecode.swift; path = "JSON+Extension.swift"; sourceTree = "<group>"; };
		985100E01F4D1CBC009BE875 /* Page.swift */ = {isa = PBXFileReference; fileEncoding = 4; lastKnownFileType = sourcecode.swift; path = Page.swift; sourceTree = "<group>"; };
		985100E41F4D27FC009BE875 /* Collection+Extension.swift */ = {isa = PBXFileReference; fileEncoding = 4; lastKnownFileType = sourcecode.swift; path = "Collection+Extension.swift"; sourceTree = "<group>"; };
		985100E61F4D6C1E009BE875 /* IndicatorCell.swift */ = {isa = PBXFileReference; fileEncoding = 4; lastKnownFileType = sourcecode.swift; path = IndicatorCell.swift; sourceTree = "<group>"; };
		985100E81F4D82BC009BE875 /* Parti.swift */ = {isa = PBXFileReference; fileEncoding = 4; lastKnownFileType = sourcecode.swift; path = Parti.swift; sourceTree = "<group>"; };
		985100EA1F4D84F1009BE875 /* Group.swift */ = {isa = PBXFileReference; fileEncoding = 4; lastKnownFileType = sourcecode.swift; path = Group.swift; sourceTree = "<group>"; };
		985100F41F4E9F95009BE875 /* en */ = {isa = PBXFileReference; lastKnownFileType = text.plist.strings; name = en; path = en.lproj/Localizable.strings; sourceTree = "<group>"; };
		985100F51F4E9FC9009BE875 /* ko */ = {isa = PBXFileReference; lastKnownFileType = text.plist.strings; name = ko; path = ko.lproj/Localizable.strings; sourceTree = "<group>"; };
		985100FA1F4FCF8C009BE875 /* CatanLabel.swift */ = {isa = PBXFileReference; fileEncoding = 4; lastKnownFileType = sourcecode.swift; path = CatanLabel.swift; sourceTree = "<group>"; };
		985100FC1F501B2F009BE875 /* PostTitleAndBodyView.swift */ = {isa = PBXFileReference; fileEncoding = 4; lastKnownFileType = sourcecode.swift; path = PostTitleAndBodyView.swift; sourceTree = "<group>"; };
		985100FE1F515CBA009BE875 /* String.swift */ = {isa = PBXFileReference; fileEncoding = 4; lastKnownFileType = sourcecode.swift; path = String.swift; sourceTree = "<group>"; };
		985101001F517A6C009BE875 /* HeightCache.swift */ = {isa = PBXFileReference; fileEncoding = 4; lastKnownFileType = sourcecode.swift; path = HeightCache.swift; sourceTree = "<group>"; };
		985101021F5183B7009BE875 /* LatestCommentsView.swift */ = {isa = PBXFileReference; fileEncoding = 4; lastKnownFileType = sourcecode.swift; path = LatestCommentsView.swift; sourceTree = "<group>"; };
		985101041F52581C009BE875 /* CollapsibleTopConstrain.swift */ = {isa = PBXFileReference; fileEncoding = 4; lastKnownFileType = sourcecode.swift; path = CollapsibleTopConstrain.swift; sourceTree = "<group>"; };
		985101061F52FFF2009BE875 /* NSAttributedString+Extension.swift */ = {isa = PBXFileReference; fileEncoding = 4; lastKnownFileType = sourcecode.swift; path = "NSAttributedString+Extension.swift"; sourceTree = "<group>"; };
		985BED7F1F5D4CD300BAAA5E /* PostDocumentFileSourcesView.swift */ = {isa = PBXFileReference; fileEncoding = 4; lastKnownFileType = sourcecode.swift; path = PostDocumentFileSourcesView.swift; sourceTree = "<group>"; };
		989798591F54D8BE00A5F67B /* Comment.swift */ = {isa = PBXFileReference; fileEncoding = 4; lastKnownFileType = sourcecode.swift; path = Comment.swift; sourceTree = "<group>"; };
		98A5F4F01F42D9B400E6D781 /* UIColor+Extension.swift */ = {isa = PBXFileReference; fileEncoding = 4; lastKnownFileType = sourcecode.swift; path = "UIColor+Extension.swift"; sourceTree = "<group>"; };
		98A5F4F21F440A3600E6D781 /* Style.swift */ = {isa = PBXFileReference; fileEncoding = 4; lastKnownFileType = sourcecode.swift; path = Style.swift; sourceTree = "<group>"; };
		98A5F4F41F4439F400E6D781 /* catan.entitlements */ = {isa = PBXFileReference; lastKnownFileType = text.plist.entitlements; path = catan.entitlements; sourceTree = "<group>"; };
		98A5F4F61F449AD600E6D781 /* Service.swift */ = {isa = PBXFileReference; fileEncoding = 4; lastKnownFileType = sourcecode.swift; path = Service.swift; sourceTree = "<group>"; };
		98A5F4F91F4510A100E6D781 /* AuthToken.swift */ = {isa = PBXFileReference; fileEncoding = 4; lastKnownFileType = sourcecode.swift; path = AuthToken.swift; sourceTree = "<group>"; };
		98A5F4FB1F46642000E6D781 /* MainTabBarController.swift */ = {isa = PBXFileReference; fileEncoding = 4; lastKnownFileType = sourcecode.swift; path = MainTabBarController.swift; sourceTree = "<group>"; };
		98E663511F490CE400455CEB /* DashboardController.swift */ = {isa = PBXFileReference; fileEncoding = 4; lastKnownFileType = sourcecode.swift; path = DashboardController.swift; sourceTree = "<group>"; };
		98E663531F491AB700455CEB /* User.swift */ = {isa = PBXFileReference; fileEncoding = 4; lastKnownFileType = sourcecode.swift; path = User.swift; sourceTree = "<group>"; };
		98E663561F4922AA00455CEB /* LoginController.swift */ = {isa = PBXFileReference; fileEncoding = 4; lastKnownFileType = sourcecode.swift; path = LoginController.swift; sourceTree = "<group>"; };
		98E663581F49602200455CEB /* ServiceHandler.swift */ = {isa = PBXFileReference; fileEncoding = 4; lastKnownFileType = sourcecode.swift; path = ServiceHandler.swift; sourceTree = "<group>"; };
		98E6635A1F4962D500455CEB /* UserSession.swift */ = {isa = PBXFileReference; fileEncoding = 4; lastKnownFileType = sourcecode.swift; path = UserSession.swift; sourceTree = "<group>"; };
		AE694E3E10ED5854EACD1CCB /* Pods-catan.debug.xcconfig */ = {isa = PBXFileReference; includeInIndex = 1; lastKnownFileType = text.xcconfig; name = "Pods-catan.debug.xcconfig"; path = "Pods/Target Support Files/Pods-catan/Pods-catan.debug.xcconfig"; sourceTree = "<group>"; };
		D22495B9F4C49C73EEE65CA4 /* Pods-catan.release.xcconfig */ = {isa = PBXFileReference; includeInIndex = 1; lastKnownFileType = text.xcconfig; name = "Pods-catan.release.xcconfig"; path = "Pods/Target Support Files/Pods-catan/Pods-catan.release.xcconfig"; sourceTree = "<group>"; };
		F2C84A87796FB7AC1FFC93CE /* Pods_catan.framework */ = {isa = PBXFileReference; explicitFileType = wrapper.framework; includeInIndex = 0; path = Pods_catan.framework; sourceTree = BUILT_PRODUCTS_DIR; };
/* End PBXFileReference section */

/* Begin PBXFrameworksBuildPhase section */
		98145B701F42BDD50083349F /* Frameworks */ = {
			isa = PBXFrameworksBuildPhase;
			buildActionMask = 2147483647;
			files = (
				7E07E995E6BD7319575982DA /* Pods_catan.framework in Frameworks */,
			);
			runOnlyForDeploymentPostprocessing = 0;
		};
/* End PBXFrameworksBuildPhase section */

/* Begin PBXGroup section */
		0C0C6717E2B01B092CA7E428 /* Pods */ = {
			isa = PBXGroup;
			children = (
				AE694E3E10ED5854EACD1CCB /* Pods-catan.debug.xcconfig */,
				D22495B9F4C49C73EEE65CA4 /* Pods-catan.release.xcconfig */,
			);
			name = Pods;
			sourceTree = "<group>";
		};
		5E50A8018DA478E495708BA5 /* Frameworks */ = {
			isa = PBXGroup;
			children = (
				F2C84A87796FB7AC1FFC93CE /* Pods_catan.framework */,
			);
			name = Frameworks;
			sourceTree = "<group>";
		};
		98145B6A1F42BDD50083349F = {
			isa = PBXGroup;
			children = (
				985100F21F4E9F71009BE875 /* Localizable.strings */,
				98145B751F42BDD50083349F /* catan */,
				98145B741F42BDD50083349F /* Products */,
				0C0C6717E2B01B092CA7E428 /* Pods */,
				5E50A8018DA478E495708BA5 /* Frameworks */,
			);
			sourceTree = "<group>";
		};
		98145B741F42BDD50083349F /* Products */ = {
			isa = PBXGroup;
			children = (
				98145B731F42BDD50083349F /* catan.app */,
			);
			name = Products;
			sourceTree = "<group>";
		};
		98145B751F42BDD50083349F /* catan */ = {
			isa = PBXGroup;
			children = (
				98A5F4EF1F42D98F00E6D781 /* Util */,
				98A5F4F81F45107700E6D781 /* Model */,
				985100DA1F4CFA0C009BE875 /* View */,
				985100DB1F4CFA19009BE875 /* Controller */,
				98A5F4F51F449AB000E6D781 /* Service */,
				98A5F4F41F4439F400E6D781 /* catan.entitlements */,
				98145B761F42BDD50083349F /* AppDelegate.swift */,
				98145B7D1F42BDD50083349F /* Assets.xcassets */,
				98145B821F42BDD50083349F /* Info.plist */,
			);
			path = catan;
			sourceTree = "<group>";
		};
		985100DA1F4CFA0C009BE875 /* View */ = {
			isa = PBXGroup;
			children = (
				985101041F52581C009BE875 /* CollapsibleTopConstrain.swift */,
				985100D81F4CF3A2009BE875 /* PostCell.swift */,
				985100E61F4D6C1E009BE875 /* IndicatorCell.swift */,
				985100FA1F4FCF8C009BE875 /* CatanLabel.swift */,
				985100FC1F501B2F009BE875 /* PostTitleAndBodyView.swift */,
				985101021F5183B7009BE875 /* LatestCommentsView.swift */,
				98467F1A1F56A7B3008EEB3D /* CommentView.swift */,
				983A11621F590D5E000D7D7F /* CommentBodyView.swift */,
				983A11681F5A8E37000D7D7F /* PostAdditionalView.swift */,
				983A116C1F5BEF2B000D7D7F /* PostImageFileSourcesView.swift */,
				985BED7F1F5D4CD300BAAA5E /* PostDocumentFileSourcesView.swift */,
				98392D6E1F6094A80027C966 /* LinkSourceView.swift */,
				98392D721F616B8E0027C966 /* PollView.swift */,
				9840295D1F655EF10087692A /* SurveyView.swift */,
				984E33401F693C7E00760D97 /* OptionView.swift */,
				98026F071F6FDFFA00E9B27A /* CellRefetchable.swift */,
			);
			name = View;
			sourceTree = "<group>";
		};
		985100DB1F4CFA19009BE875 /* Controller */ = {
			isa = PBXGroup;
			children = (
				98A5F4FB1F46642000E6D781 /* MainTabBarController.swift */,
				98E663511F490CE400455CEB /* DashboardController.swift */,
				985100D61F4CF109009BE875 /* DashboardDatasource.swift */,
				98E663561F4922AA00455CEB /* LoginController.swift */,
			);
			name = Controller;
			sourceTree = "<group>";
		};
		98A5F4EF1F42D98F00E6D781 /* Util */ = {
			isa = PBXGroup;
			children = (
				985100E41F4D27FC009BE875 /* Collection+Extension.swift */,
				98A5F4F01F42D9B400E6D781 /* UIColor+Extension.swift */,
				98A5F4F21F440A3600E6D781 /* Style.swift */,
				985100DE1F4D19DC009BE875 /* JSON+Extension.swift */,
				985100FE1F515CBA009BE875 /* String.swift */,
				985101001F517A6C009BE875 /* HeightCache.swift */,
				985101061F52FFF2009BE875 /* NSAttributedString+Extension.swift */,
				983A11641F59B9AF000D7D7F /* Date+Extension.swift */,
				984029591F6506980087692A /* String+Extension.swift */,
				9840295B1F65540E0087692A /* UIStackView+Extension.swift */,
			);
			name = Util;
			sourceTree = "<group>";
		};
		98A5F4F51F449AB000E6D781 /* Service */ = {
			isa = PBXGroup;
			children = (
				98A5F4F61F449AD600E6D781 /* Service.swift */,
				98E663581F49602200455CEB /* ServiceHandler.swift */,
				98E6635A1F4962D500455CEB /* UserSession.swift */,
			);
			name = Service;
			sourceTree = "<group>";
		};
		98A5F4F81F45107700E6D781 /* Model */ = {
			isa = PBXGroup;
			children = (
				98A5F4F91F4510A100E6D781 /* AuthToken.swift */,
				98E663531F491AB700455CEB /* User.swift */,
				985100DC1F4D0022009BE875 /* Post.swift */,
				985100E01F4D1CBC009BE875 /* Page.swift */,
				985100E81F4D82BC009BE875 /* Parti.swift */,
				985100EA1F4D84F1009BE875 /* Group.swift */,
				989798591F54D8BE00A5F67B /* Comment.swift */,
				983A11661F5A81FF000D7D7F /* FileSource.swift */,
				98392D701F6095B80027C966 /* LinkSource.swift */,
				98392D741F616D7D0027C966 /* Poll.swift */,
				9840295F1F6602970087692A /* Survey.swift */,
				984E333E1F6937C500760D97 /* Option.swift */,
			);
			name = Model;
			sourceTree = "<group>";
		};
/* End PBXGroup section */

/* Begin PBXNativeTarget section */
		98145B721F42BDD50083349F /* catan */ = {
			isa = PBXNativeTarget;
			buildConfigurationList = 98145B851F42BDD50083349F /* Build configuration list for PBXNativeTarget "catan" */;
			buildPhases = (
				ADF8FC4069F072796191FB19 /* [CP] Check Pods Manifest.lock */,
				98145B6F1F42BDD50083349F /* Sources */,
				98145B701F42BDD50083349F /* Frameworks */,
				98145B711F42BDD50083349F /* Resources */,
				7A80EBFA0F13D278AA5ACFEE /* [CP] Embed Pods Frameworks */,
				1A858CD011D9A0AFFCF11DD0 /* [CP] Copy Pods Resources */,
			);
			buildRules = (
			);
			dependencies = (
			);
			name = catan;
			productName = catan;
			productReference = 98145B731F42BDD50083349F /* catan.app */;
			productType = "com.apple.product-type.application";
		};
/* End PBXNativeTarget section */

/* Begin PBXProject section */
		98145B6B1F42BDD50083349F /* Project object */ = {
			isa = PBXProject;
			attributes = {
				LastSwiftUpdateCheck = 0830;
				LastUpgradeCheck = 0830;
				ORGANIZATIONNAME = Parti;
				TargetAttributes = {
					98145B721F42BDD50083349F = {
						CreatedOnToolsVersion = 8.3.3;
						DevelopmentTeam = S8RA82BA24;
						ProvisioningStyle = Automatic;
						SystemCapabilities = {
							com.apple.Keychain = {
								enabled = 1;
							};
						};
					};
				};
			};
			buildConfigurationList = 98145B6E1F42BDD50083349F /* Build configuration list for PBXProject "catan" */;
			compatibilityVersion = "Xcode 3.2";
			developmentRegion = English;
			hasScannedForEncodings = 0;
			knownRegions = (
				en,
				Base,
				ko,
			);
			mainGroup = 98145B6A1F42BDD50083349F;
			productRefGroup = 98145B741F42BDD50083349F /* Products */;
			projectDirPath = "";
			projectRoot = "";
			targets = (
				98145B721F42BDD50083349F /* catan */,
			);
		};
/* End PBXProject section */

/* Begin PBXResourcesBuildPhase section */
		98145B711F42BDD50083349F /* Resources */ = {
			isa = PBXResourcesBuildPhase;
			buildActionMask = 2147483647;
			files = (
				98145B7E1F42BDD50083349F /* Assets.xcassets in Resources */,
				985100F01F4E9F71009BE875 /* Localizable.strings in Resources */,
			);
			runOnlyForDeploymentPostprocessing = 0;
		};
/* End PBXResourcesBuildPhase section */

/* Begin PBXShellScriptBuildPhase section */
		1A858CD011D9A0AFFCF11DD0 /* [CP] Copy Pods Resources */ = {
			isa = PBXShellScriptBuildPhase;
			buildActionMask = 2147483647;
			files = (
			);
			inputPaths = (
			);
			name = "[CP] Copy Pods Resources";
			outputPaths = (
			);
			runOnlyForDeploymentPostprocessing = 0;
			shellPath = /bin/sh;
			shellScript = "\"${SRCROOT}/Pods/Target Support Files/Pods-catan/Pods-catan-resources.sh\"\n";
			showEnvVarsInLog = 0;
		};
		7A80EBFA0F13D278AA5ACFEE /* [CP] Embed Pods Frameworks */ = {
			isa = PBXShellScriptBuildPhase;
			buildActionMask = 2147483647;
			files = (
			);
			inputPaths = (
				"${SRCROOT}/Pods/Target Support Files/Pods-catan/Pods-catan-frameworks.sh",
				"${BUILT_PRODUCTS_DIR}/Alamofire/Alamofire.framework",
				"${BUILT_PRODUCTS_DIR}/Bolts/Bolts.framework",
				"${BUILT_PRODUCTS_DIR}/BonMot/BonMot.framework",
				"${BUILT_PRODUCTS_DIR}/DateToolsSwift/DateToolsSwift.framework",
				"${BUILT_PRODUCTS_DIR}/FBSDKCoreKit/FBSDKCoreKit.framework",
				"${BUILT_PRODUCTS_DIR}/FBSDKLoginKit/FBSDKLoginKit.framework",
				"${BUILT_PRODUCTS_DIR}/FBSDKShareKit/FBSDKShareKit.framework",
				"${BUILT_PRODUCTS_DIR}/FacebookCore/FacebookCore.framework",
				"${BUILT_PRODUCTS_DIR}/FacebookLogin/FacebookLogin.framework",
				"${BUILT_PRODUCTS_DIR}/FacebookShare/FacebookShare.framework",
				"${BUILT_PRODUCTS_DIR}/Gloss/Gloss.framework",
				"${BUILT_PRODUCTS_DIR}/KRWordWrapLabel/KRWordWrapLabel.framework",
				"${BUILT_PRODUCTS_DIR}/KeychainAccess/KeychainAccess.framework",
				"${BUILT_PRODUCTS_DIR}/Keys/Keys.framework",
				"${BUILT_PRODUCTS_DIR}/Kingfisher/Kingfisher.framework",
				"${BUILT_PRODUCTS_DIR}/LBTAComponents/LBTAComponents.framework",
				"${BUILT_PRODUCTS_DIR}/M13Checkbox/M13Checkbox.framework",
				"${BUILT_PRODUCTS_DIR}/SwiftyBeaver/SwiftyBeaver.framework",
				"${BUILT_PRODUCTS_DIR}/SwiftyJSON/SwiftyJSON.framework",
				"${BUILT_PRODUCTS_DIR}/TRON/TRON.framework",
				"${BUILT_PRODUCTS_DIR}/UICircularProgressRing/UICircularProgressRing.framework",
			);
			name = "[CP] Embed Pods Frameworks";
			outputPaths = (
				"${TARGET_BUILD_DIR}/${FRAMEWORKS_FOLDER_PATH}/Alamofire.framework",
				"${TARGET_BUILD_DIR}/${FRAMEWORKS_FOLDER_PATH}/Bolts.framework",
				"${TARGET_BUILD_DIR}/${FRAMEWORKS_FOLDER_PATH}/BonMot.framework",
				"${TARGET_BUILD_DIR}/${FRAMEWORKS_FOLDER_PATH}/DateToolsSwift.framework",
				"${TARGET_BUILD_DIR}/${FRAMEWORKS_FOLDER_PATH}/FBSDKCoreKit.framework",
				"${TARGET_BUILD_DIR}/${FRAMEWORKS_FOLDER_PATH}/FBSDKLoginKit.framework",
				"${TARGET_BUILD_DIR}/${FRAMEWORKS_FOLDER_PATH}/FBSDKShareKit.framework",
				"${TARGET_BUILD_DIR}/${FRAMEWORKS_FOLDER_PATH}/FacebookCore.framework",
				"${TARGET_BUILD_DIR}/${FRAMEWORKS_FOLDER_PATH}/FacebookLogin.framework",
				"${TARGET_BUILD_DIR}/${FRAMEWORKS_FOLDER_PATH}/FacebookShare.framework",
				"${TARGET_BUILD_DIR}/${FRAMEWORKS_FOLDER_PATH}/Gloss.framework",
				"${TARGET_BUILD_DIR}/${FRAMEWORKS_FOLDER_PATH}/KRWordWrapLabel.framework",
				"${TARGET_BUILD_DIR}/${FRAMEWORKS_FOLDER_PATH}/KeychainAccess.framework",
				"${TARGET_BUILD_DIR}/${FRAMEWORKS_FOLDER_PATH}/Keys.framework",
				"${TARGET_BUILD_DIR}/${FRAMEWORKS_FOLDER_PATH}/Kingfisher.framework",
				"${TARGET_BUILD_DIR}/${FRAMEWORKS_FOLDER_PATH}/LBTAComponents.framework",
				"${TARGET_BUILD_DIR}/${FRAMEWORKS_FOLDER_PATH}/M13Checkbox.framework",
				"${TARGET_BUILD_DIR}/${FRAMEWORKS_FOLDER_PATH}/SwiftyBeaver.framework",
				"${TARGET_BUILD_DIR}/${FRAMEWORKS_FOLDER_PATH}/SwiftyJSON.framework",
				"${TARGET_BUILD_DIR}/${FRAMEWORKS_FOLDER_PATH}/TRON.framework",
				"${TARGET_BUILD_DIR}/${FRAMEWORKS_FOLDER_PATH}/UICircularProgressRing.framework",
			);
			runOnlyForDeploymentPostprocessing = 0;
			shellPath = /bin/sh;
			shellScript = "\"${SRCROOT}/Pods/Target Support Files/Pods-catan/Pods-catan-frameworks.sh\"\n";
			showEnvVarsInLog = 0;
		};
		ADF8FC4069F072796191FB19 /* [CP] Check Pods Manifest.lock */ = {
			isa = PBXShellScriptBuildPhase;
			buildActionMask = 2147483647;
			files = (
			);
			inputPaths = (
				"${PODS_PODFILE_DIR_PATH}/Podfile.lock",
				"${PODS_ROOT}/Manifest.lock",
			);
			name = "[CP] Check Pods Manifest.lock";
			outputPaths = (
				"$(DERIVED_FILE_DIR)/Pods-catan-checkManifestLockResult.txt",
			);
			runOnlyForDeploymentPostprocessing = 0;
			shellPath = /bin/sh;
			shellScript = "diff \"${PODS_PODFILE_DIR_PATH}/Podfile.lock\" \"${PODS_ROOT}/Manifest.lock\" > /dev/null\nif [ $? != 0 ] ; then\n    # print error to STDERR\n    echo \"error: The sandbox is not in sync with the Podfile.lock. Run 'pod install' or update your CocoaPods installation.\" >&2\n    exit 1\nfi\n# This output is used by Xcode 'outputs' to avoid re-running this script phase.\necho \"SUCCESS\" > \"${SCRIPT_OUTPUT_FILE_0}\"\n";
			showEnvVarsInLog = 0;
		};
/* End PBXShellScriptBuildPhase section */

/* Begin PBXSourcesBuildPhase section */
		98145B6F1F42BDD50083349F /* Sources */ = {
			isa = PBXSourcesBuildPhase;
			buildActionMask = 2147483647;
			files = (
				985100D71F4CF109009BE875 /* DashboardDatasource.swift in Sources */,
				985101011F517A6C009BE875 /* HeightCache.swift in Sources */,
				985100E51F4D27FC009BE875 /* Collection+Extension.swift in Sources */,
				985100FF1F515CBA009BE875 /* String.swift in Sources */,
				985100DF1F4D19DC009BE875 /* JSON+Extension.swift in Sources */,
				985100EB1F4D84F1009BE875 /* Group.swift in Sources */,
				985100E91F4D82BC009BE875 /* Parti.swift in Sources */,
				98392D751F616D7D0027C966 /* Poll.swift in Sources */,
				9840295A1F6506980087692A /* String+Extension.swift in Sources */,
				985100E11F4D1CBC009BE875 /* Page.swift in Sources */,
				98E663521F490CE400455CEB /* DashboardController.swift in Sources */,
				985100D91F4CF3A2009BE875 /* PostCell.swift in Sources */,
				983A11631F590D5E000D7D7F /* CommentBodyView.swift in Sources */,
				98392D711F6095B80027C966 /* LinkSource.swift in Sources */,
				9840295E1F655EF10087692A /* SurveyView.swift in Sources */,
				9897985A1F54D8BE00A5F67B /* Comment.swift in Sources */,
				985100FB1F4FCF8C009BE875 /* CatanLabel.swift in Sources */,
				983A11651F59B9AF000D7D7F /* Date+Extension.swift in Sources */,
				98392D731F616B8E0027C966 /* PollView.swift in Sources */,
				98A5F4F11F42D9B400E6D781 /* UIColor+Extension.swift in Sources */,
				98A5F4F71F449AD600E6D781 /* Service.swift in Sources */,
				9840295C1F65540E0087692A /* UIStackView+Extension.swift in Sources */,
				983A116D1F5BEF2B000D7D7F /* PostImageFileSourcesView.swift in Sources */,
				98392D6F1F6094A80027C966 /* LinkSourceView.swift in Sources */,
				985100DD1F4D0022009BE875 /* Post.swift in Sources */,
				985101051F52581C009BE875 /* CollapsibleTopConstrain.swift in Sources */,
				985100FD1F501B2F009BE875 /* PostTitleAndBodyView.swift in Sources */,
				984029601F6602970087692A /* Survey.swift in Sources */,
				98026F081F6FDFFA00E9B27A /* CellRefetchable.swift in Sources */,
				98467F1B1F56A7B3008EEB3D /* CommentView.swift in Sources */,
				98A5F4FC1F46642000E6D781 /* MainTabBarController.swift in Sources */,
				98E663541F491AB700455CEB /* User.swift in Sources */,
				985101071F52FFF2009BE875 /* NSAttributedString+Extension.swift in Sources */,
				985BED801F5D4CD300BAAA5E /* PostDocumentFileSourcesView.swift in Sources */,
				98145B771F42BDD50083349F /* AppDelegate.swift in Sources */,
				98E6635B1F4962D500455CEB /* UserSession.swift in Sources */,
				98A5F4F31F440A3600E6D781 /* Style.swift in Sources */,
				984E333F1F6937C500760D97 /* Option.swift in Sources */,
				985101031F5183B7009BE875 /* LatestCommentsView.swift in Sources */,
				98E663591F49602200455CEB /* ServiceHandler.swift in Sources */,
				983A11671F5A81FF000D7D7F /* FileSource.swift in Sources */,
				98A5F4FA1F4510A100E6D781 /* AuthToken.swift in Sources */,
				985100E71F4D6C1E009BE875 /* IndicatorCell.swift in Sources */,
				983A11691F5A8E37000D7D7F /* PostAdditionalView.swift in Sources */,
				984E33411F693C7E00760D97 /* OptionView.swift in Sources */,
				98E663571F4922AA00455CEB /* LoginController.swift in Sources */,
			);
			runOnlyForDeploymentPostprocessing = 0;
		};
/* End PBXSourcesBuildPhase section */

/* Begin PBXVariantGroup section */
		985100F21F4E9F71009BE875 /* Localizable.strings */ = {
			isa = PBXVariantGroup;
			children = (
				985100F41F4E9F95009BE875 /* en */,
				985100F51F4E9FC9009BE875 /* ko */,
			);
			name = Localizable.strings;
			sourceTree = "<group>";
		};
/* End PBXVariantGroup section */

/* Begin XCBuildConfiguration section */
		98145B831F42BDD50083349F /* Debug */ = {
			isa = XCBuildConfiguration;
			buildSettings = {
				ALWAYS_SEARCH_USER_PATHS = NO;
				CLANG_ANALYZER_LOCALIZABILITY_NONLOCALIZED = YES;
				CLANG_ANALYZER_NONNULL = YES;
				CLANG_ANALYZER_NUMBER_OBJECT_CONVERSION = YES_AGGRESSIVE;
				CLANG_CXX_LANGUAGE_STANDARD = "gnu++0x";
				CLANG_CXX_LIBRARY = "libc++";
				CLANG_ENABLE_MODULES = YES;
				CLANG_ENABLE_OBJC_ARC = YES;
				CLANG_WARN_BOOL_CONVERSION = YES;
				CLANG_WARN_CONSTANT_CONVERSION = YES;
				CLANG_WARN_DIRECT_OBJC_ISA_USAGE = YES_ERROR;
				CLANG_WARN_DOCUMENTATION_COMMENTS = YES;
				CLANG_WARN_EMPTY_BODY = YES;
				CLANG_WARN_ENUM_CONVERSION = YES;
				CLANG_WARN_INFINITE_RECURSION = YES;
				CLANG_WARN_INT_CONVERSION = YES;
				CLANG_WARN_OBJC_ROOT_CLASS = YES_ERROR;
				CLANG_WARN_SUSPICIOUS_MOVE = YES;
				CLANG_WARN_UNREACHABLE_CODE = YES;
				CLANG_WARN__DUPLICATE_METHOD_MATCH = YES;
				"CODE_SIGN_IDENTITY[sdk=iphoneos*]" = "iPhone Developer";
				COPY_PHASE_STRIP = NO;
				DEBUG_INFORMATION_FORMAT = dwarf;
				ENABLE_STRICT_OBJC_MSGSEND = YES;
				ENABLE_TESTABILITY = YES;
				GCC_C_LANGUAGE_STANDARD = gnu99;
				GCC_DYNAMIC_NO_PIC = NO;
				GCC_NO_COMMON_BLOCKS = YES;
				GCC_OPTIMIZATION_LEVEL = 0;
				GCC_PREPROCESSOR_DEFINITIONS = (
					"DEBUG=1",
					"$(inherited)",
				);
				GCC_WARN_64_TO_32_BIT_CONVERSION = YES;
				GCC_WARN_ABOUT_RETURN_TYPE = YES_ERROR;
				GCC_WARN_UNDECLARED_SELECTOR = YES;
				GCC_WARN_UNINITIALIZED_AUTOS = YES_AGGRESSIVE;
				GCC_WARN_UNUSED_FUNCTION = YES;
				GCC_WARN_UNUSED_VARIABLE = YES;
				IPHONEOS_DEPLOYMENT_TARGET = 10.3;
				MTL_ENABLE_DEBUG_INFO = YES;
				ONLY_ACTIVE_ARCH = YES;
				SDKROOT = iphoneos;
				SWIFT_ACTIVE_COMPILATION_CONDITIONS = DEBUG;
				SWIFT_OPTIMIZATION_LEVEL = "-Onone";
			};
			name = Debug;
		};
		98145B841F42BDD50083349F /* Release */ = {
			isa = XCBuildConfiguration;
			buildSettings = {
				ALWAYS_SEARCH_USER_PATHS = NO;
				CLANG_ANALYZER_LOCALIZABILITY_NONLOCALIZED = YES;
				CLANG_ANALYZER_NONNULL = YES;
				CLANG_ANALYZER_NUMBER_OBJECT_CONVERSION = YES_AGGRESSIVE;
				CLANG_CXX_LANGUAGE_STANDARD = "gnu++0x";
				CLANG_CXX_LIBRARY = "libc++";
				CLANG_ENABLE_MODULES = YES;
				CLANG_ENABLE_OBJC_ARC = YES;
				CLANG_WARN_BOOL_CONVERSION = YES;
				CLANG_WARN_CONSTANT_CONVERSION = YES;
				CLANG_WARN_DIRECT_OBJC_ISA_USAGE = YES_ERROR;
				CLANG_WARN_DOCUMENTATION_COMMENTS = YES;
				CLANG_WARN_EMPTY_BODY = YES;
				CLANG_WARN_ENUM_CONVERSION = YES;
				CLANG_WARN_INFINITE_RECURSION = YES;
				CLANG_WARN_INT_CONVERSION = YES;
				CLANG_WARN_OBJC_ROOT_CLASS = YES_ERROR;
				CLANG_WARN_SUSPICIOUS_MOVE = YES;
				CLANG_WARN_UNREACHABLE_CODE = YES;
				CLANG_WARN__DUPLICATE_METHOD_MATCH = YES;
				"CODE_SIGN_IDENTITY[sdk=iphoneos*]" = "iPhone Developer";
				COPY_PHASE_STRIP = NO;
				DEBUG_INFORMATION_FORMAT = "dwarf-with-dsym";
				ENABLE_NS_ASSERTIONS = NO;
				ENABLE_STRICT_OBJC_MSGSEND = YES;
				GCC_C_LANGUAGE_STANDARD = gnu99;
				GCC_NO_COMMON_BLOCKS = YES;
				GCC_WARN_64_TO_32_BIT_CONVERSION = YES;
				GCC_WARN_ABOUT_RETURN_TYPE = YES_ERROR;
				GCC_WARN_UNDECLARED_SELECTOR = YES;
				GCC_WARN_UNINITIALIZED_AUTOS = YES_AGGRESSIVE;
				GCC_WARN_UNUSED_FUNCTION = YES;
				GCC_WARN_UNUSED_VARIABLE = YES;
				IPHONEOS_DEPLOYMENT_TARGET = 10.3;
				MTL_ENABLE_DEBUG_INFO = NO;
				SDKROOT = iphoneos;
				SWIFT_OPTIMIZATION_LEVEL = "-Owholemodule";
				VALIDATE_PRODUCT = YES;
			};
			name = Release;
		};
		98145B861F42BDD50083349F /* Debug */ = {
			isa = XCBuildConfiguration;
			baseConfigurationReference = AE694E3E10ED5854EACD1CCB /* Pods-catan.debug.xcconfig */;
			buildSettings = {
				ASSETCATALOG_COMPILER_APPICON_NAME = AppIcon;
				CODE_SIGN_ENTITLEMENTS = catan/catan.entitlements;
				DEVELOPMENT_TEAM = S8RA82BA24;
				INFOPLIST_FILE = catan/Info.plist;
				LD_RUNPATH_SEARCH_PATHS = "$(inherited) @executable_path/Frameworks";
				PRODUCT_BUNDLE_IDENTIFIER = xyz.parti.catan;
				PRODUCT_NAME = "$(TARGET_NAME)";
				SWIFT_VERSION = 3.0;
			};
			name = Debug;
		};
		98145B871F42BDD50083349F /* Release */ = {
			isa = XCBuildConfiguration;
			baseConfigurationReference = D22495B9F4C49C73EEE65CA4 /* Pods-catan.release.xcconfig */;
			buildSettings = {
				ASSETCATALOG_COMPILER_APPICON_NAME = AppIcon;
				CODE_SIGN_ENTITLEMENTS = catan/catan.entitlements;
				DEVELOPMENT_TEAM = S8RA82BA24;
				INFOPLIST_FILE = catan/Info.plist;
				LD_RUNPATH_SEARCH_PATHS = "$(inherited) @executable_path/Frameworks";
				PRODUCT_BUNDLE_IDENTIFIER = xyz.parti.catan;
				PRODUCT_NAME = "$(TARGET_NAME)";
				SWIFT_VERSION = 3.0;
			};
			name = Release;
		};
/* End XCBuildConfiguration section */

/* Begin XCConfigurationList section */
		98145B6E1F42BDD50083349F /* Build configuration list for PBXProject "catan" */ = {
			isa = XCConfigurationList;
			buildConfigurations = (
				98145B831F42BDD50083349F /* Debug */,
				98145B841F42BDD50083349F /* Release */,
			);
			defaultConfigurationIsVisible = 0;
			defaultConfigurationName = Release;
		};
		98145B851F42BDD50083349F /* Build configuration list for PBXNativeTarget "catan" */ = {
			isa = XCConfigurationList;
			buildConfigurations = (
				98145B861F42BDD50083349F /* Debug */,
				98145B871F42BDD50083349F /* Release */,
			);
			defaultConfigurationIsVisible = 0;
			defaultConfigurationName = Release;
		};
/* End XCConfigurationList section */
	};
	rootObject = 98145B6B1F42BDD50083349F /* Project object */;
}
